// !$*UTF8*$!
{
	archiveVersion = 1;
	classes = {
	};
	objectVersion = 77;
	objects = {

/* Begin PBXContainerItemProxy section */
		8C6221AE2D220D30005FD4D5 /* PBXContainerItemProxy */ = {
			isa = PBXContainerItemProxy;
			containerPortal = 8C6221952D220D2C005FD4D5 /* Project object */;
			proxyType = 1;
			remoteGlobalIDString = 8C62219C2D220D2C005FD4D5;
			remoteInfo = CatsDogs;
		};
		8C6221B82D220D30005FD4D5 /* PBXContainerItemProxy */ = {
			isa = PBXContainerItemProxy;
			containerPortal = 8C6221952D220D2C005FD4D5 /* Project object */;
			proxyType = 1;
			remoteGlobalIDString = 8C62219C2D220D2C005FD4D5;
			remoteInfo = CatsDogs;
		};
/* End PBXContainerItemProxy section */

/* Begin PBXFileReference section */
		8C62219D2D220D2D005FD4D5 /* CatsDogs.app */ = {isa = PBXFileReference; explicitFileType = wrapper.application; includeInIndex = 0; path = CatsDogs.app; sourceTree = BUILT_PRODUCTS_DIR; };
		8C6221AD2D220D30005FD4D5 /* CatsDogsTests.xctest */ = {isa = PBXFileReference; explicitFileType = wrapper.cfbundle; includeInIndex = 0; path = CatsDogsTests.xctest; sourceTree = BUILT_PRODUCTS_DIR; };
		8C6221B72D220D30005FD4D5 /* CatsDogsUITests.xctest */ = {isa = PBXFileReference; explicitFileType = wrapper.cfbundle; includeInIndex = 0; path = CatsDogsUITests.xctest; sourceTree = BUILT_PRODUCTS_DIR; };
/* End PBXFileReference section */

/* Begin PBXFileSystemSynchronizedRootGroup section */
		8C62219F2D220D2D005FD4D5 /* CatsDogs */ = {
			isa = PBXFileSystemSynchronizedRootGroup;
			path = CatsDogs;
			sourceTree = "<group>";
		};
		8C6221B02D220D30005FD4D5 /* CatsDogsTests */ = {
			isa = PBXFileSystemSynchronizedRootGroup;
			path = CatsDogsTests;
			sourceTree = "<group>";
		};
		8C6221BA2D220D30005FD4D5 /* CatsDogsUITests */ = {
			isa = PBXFileSystemSynchronizedRootGroup;
			path = CatsDogsUITests;
			sourceTree = "<group>";
		};
/* End PBXFileSystemSynchronizedRootGroup section */

/* Begin PBXFrameworksBuildPhase section */
		8C62219A2D220D2C005FD4D5 /* Frameworks */ = {
			isa = PBXFrameworksBuildPhase;
			buildActionMask = 2147483647;
			files = (
			);
			runOnlyForDeploymentPostprocessing = 0;
		};
		8C6221AA2D220D30005FD4D5 /* Frameworks */ = {
			isa = PBXFrameworksBuildPhase;
			buildActionMask = 2147483647;
			files = (
			);
			runOnlyForDeploymentPostprocessing = 0;
		};
		8C6221B42D220D30005FD4D5 /* Frameworks */ = {
			isa = PBXFrameworksBuildPhase;
			buildActionMask = 2147483647;
			files = (
			);
			runOnlyForDeploymentPostprocessing = 0;
		};
/* End PBXFrameworksBuildPhase section */

/* Begin PBXGroup section */
		8C6221942D220D2C005FD4D5 = {
			isa = PBXGroup;
			children = (
				8C62219F2D220D2D005FD4D5 /* CatsDogs */,
				8C6221B02D220D30005FD4D5 /* CatsDogsTests */,
				8C6221BA2D220D30005FD4D5 /* CatsDogsUITests */,
				8C62219E2D220D2D005FD4D5 /* Products */,
			);
			sourceTree = "<group>";
		};
		8C62219E2D220D2D005FD4D5 /* Products */ = {
			isa = PBXGroup;
			children = (
				8C62219D2D220D2D005FD4D5 /* CatsDogs.app */,
				8C6221AD2D220D30005FD4D5 /* CatsDogsTests.xctest */,
				8C6221B72D220D30005FD4D5 /* CatsDogsUITests.xctest */,
			);
			name = Products;
			sourceTree = "<group>";
		};
/* End PBXGroup section */

/* Begin PBXNativeTarget section */
		8C62219C2D220D2C005FD4D5 /* CatsDogs */ = {
			isa = PBXNativeTarget;
			buildConfigurationList = 8C6221C12D220D30005FD4D5 /* Build configuration list for PBXNativeTarget "CatsDogs" */;
			buildPhases = (
				8C6221992D220D2C005FD4D5 /* Sources */,
				8C62219A2D220D2C005FD4D5 /* Frameworks */,
				8C62219B2D220D2C005FD4D5 /* Resources */,
			);
			buildRules = (
			);
			dependencies = (
			);
			fileSystemSynchronizedGroups = (
				8C62219F2D220D2D005FD4D5 /* CatsDogs */,
			);
			name = CatsDogs;
			packageProductDependencies = (
			);
			productName = CatsDogs;
			productReference = 8C62219D2D220D2D005FD4D5 /* CatsDogs.app */;
			productType = "com.apple.product-type.application";
		};
		8C6221AC2D220D30005FD4D5 /* CatsDogsTests */ = {
			isa = PBXNativeTarget;
			buildConfigurationList = 8C6221C42D220D30005FD4D5 /* Build configuration list for PBXNativeTarget "CatsDogsTests" */;
			buildPhases = (
				8C6221A92D220D30005FD4D5 /* Sources */,
				8C6221AA2D220D30005FD4D5 /* Frameworks */,
				8C6221AB2D220D30005FD4D5 /* Resources */,
			);
			buildRules = (
			);
			dependencies = (
				8C6221AF2D220D30005FD4D5 /* PBXTargetDependency */,
			);
			fileSystemSynchronizedGroups = (
				8C6221B02D220D30005FD4D5 /* CatsDogsTests */,
			);
			name = CatsDogsTests;
			packageProductDependencies = (
			);
			productName = CatsDogsTests;
			productReference = 8C6221AD2D220D30005FD4D5 /* CatsDogsTests.xctest */;
			productType = "com.apple.product-type.bundle.unit-test";
		};
		8C6221B62D220D30005FD4D5 /* CatsDogsUITests */ = {
			isa = PBXNativeTarget;
			buildConfigurationList = 8C6221C72D220D30005FD4D5 /* Build configuration list for PBXNativeTarget "CatsDogsUITests" */;
			buildPhases = (
				8C6221B32D220D30005FD4D5 /* Sources */,
				8C6221B42D220D30005FD4D5 /* Frameworks */,
				8C6221B52D220D30005FD4D5 /* Resources */,
			);
			buildRules = (
			);
			dependencies = (
				8C6221B92D220D30005FD4D5 /* PBXTargetDependency */,
			);
			fileSystemSynchronizedGroups = (
				8C6221BA2D220D30005FD4D5 /* CatsDogsUITests */,
			);
			name = CatsDogsUITests;
			packageProductDependencies = (
			);
			productName = CatsDogsUITests;
			productReference = 8C6221B72D220D30005FD4D5 /* CatsDogsUITests.xctest */;
			productType = "com.apple.product-type.bundle.ui-testing";
		};
/* End PBXNativeTarget section */

/* Begin PBXProject section */
		8C6221952D220D2C005FD4D5 /* Project object */ = {
			isa = PBXProject;
			attributes = {
				BuildIndependentTargetsInParallel = 1;
				LastSwiftUpdateCheck = 1610;
				LastUpgradeCheck = 1610;
				TargetAttributes = {
					8C62219C2D220D2C005FD4D5 = {
						CreatedOnToolsVersion = 16.1;
					};
					8C6221AC2D220D30005FD4D5 = {
						CreatedOnToolsVersion = 16.1;
						TestTargetID = 8C62219C2D220D2C005FD4D5;
					};
					8C6221B62D220D30005FD4D5 = {
						CreatedOnToolsVersion = 16.1;
						TestTargetID = 8C62219C2D220D2C005FD4D5;
					};
				};
			};
			buildConfigurationList = 8C6221982D220D2C005FD4D5 /* Build configuration list for PBXProject "CatsDogs" */;
			developmentRegion = en;
			hasScannedForEncodings = 0;
			knownRegions = (
				en,
				Base,
			);
			mainGroup = 8C6221942D220D2C005FD4D5;
			minimizedProjectReferenceProxies = 1;
			preferredProjectObjectVersion = 77;
			productRefGroup = 8C62219E2D220D2D005FD4D5 /* Products */;
			projectDirPath = "";
			projectRoot = "";
			targets = (
				8C62219C2D220D2C005FD4D5 /* CatsDogs */,
				8C6221AC2D220D30005FD4D5 /* CatsDogsTests */,
				8C6221B62D220D30005FD4D5 /* CatsDogsUITests */,
			);
		};
/* End PBXProject section */

/* Begin PBXResourcesBuildPhase section */
		8C62219B2D220D2C005FD4D5 /* Resources */ = {
			isa = PBXResourcesBuildPhase;
			buildActionMask = 2147483647;
			files = (
			);
			runOnlyForDeploymentPostprocessing = 0;
		};
		8C6221AB2D220D30005FD4D5 /* Resources */ = {
			isa = PBXResourcesBuildPhase;
			buildActionMask = 2147483647;
			files = (
			);
			runOnlyForDeploymentPostprocessing = 0;
		};
		8C6221B52D220D30005FD4D5 /* Resources */ = {
			isa = PBXResourcesBuildPhase;
			buildActionMask = 2147483647;
			files = (
			);
			runOnlyForDeploymentPostprocessing = 0;
		};
/* End PBXResourcesBuildPhase section */

/* Begin PBXSourcesBuildPhase section */
		8C6221992D220D2C005FD4D5 /* Sources */ = {
			isa = PBXSourcesBuildPhase;
			buildActionMask = 2147483647;
			files = (
			);
			runOnlyForDeploymentPostprocessing = 0;
		};
		8C6221A92D220D30005FD4D5 /* Sources */ = {
			isa = PBXSourcesBuildPhase;
			buildActionMask = 2147483647;
			files = (
			);
			runOnlyForDeploymentPostprocessing = 0;
		};
		8C6221B32D220D30005FD4D5 /* Sources */ = {
			isa = PBXSourcesBuildPhase;
			buildActionMask = 2147483647;
			files = (
			);
			runOnlyForDeploymentPostprocessing = 0;
		};
/* End PBXSourcesBuildPhase section */

/* Begin PBXTargetDependency section */
		8C6221AF2D220D30005FD4D5 /* PBXTargetDependency */ = {
			isa = PBXTargetDependency;
			target = 8C62219C2D220D2C005FD4D5 /* CatsDogs */;
			targetProxy = 8C6221AE2D220D30005FD4D5 /* PBXContainerItemProxy */;
		};
		8C6221B92D220D30005FD4D5 /* PBXTargetDependency */ = {
			isa = PBXTargetDependency;
			target = 8C62219C2D220D2C005FD4D5 /* CatsDogs */;
			targetProxy = 8C6221B82D220D30005FD4D5 /* PBXContainerItemProxy */;
		};
/* End PBXTargetDependency section */

/* Begin XCBuildConfiguration section */
		8C6221BF2D220D30005FD4D5 /* Debug */ = {
			isa = XCBuildConfiguration;
			buildSettings = {
				ALWAYS_SEARCH_USER_PATHS = NO;
				ASSETCATALOG_COMPILER_GENERATE_SWIFT_ASSET_SYMBOL_EXTENSIONS = YES;
				CLANG_ANALYZER_NONNULL = YES;
				CLANG_ANALYZER_NUMBER_OBJECT_CONVERSION = YES_AGGRESSIVE;
				CLANG_CXX_LANGUAGE_STANDARD = "gnu++20";
				CLANG_ENABLE_MODULES = YES;
				CLANG_ENABLE_OBJC_ARC = YES;
				CLANG_ENABLE_OBJC_WEAK = YES;
				CLANG_WARN_BLOCK_CAPTURE_AUTORELEASING = YES;
				CLANG_WARN_BOOL_CONVERSION = YES;
				CLANG_WARN_COMMA = YES;
				CLANG_WARN_CONSTANT_CONVERSION = YES;
				CLANG_WARN_DEPRECATED_OBJC_IMPLEMENTATIONS = YES;
				CLANG_WARN_DIRECT_OBJC_ISA_USAGE = YES_ERROR;
				CLANG_WARN_DOCUMENTATION_COMMENTS = YES;
				CLANG_WARN_EMPTY_BODY = YES;
				CLANG_WARN_ENUM_CONVERSION = YES;
				CLANG_WARN_INFINITE_RECURSION = YES;
				CLANG_WARN_INT_CONVERSION = YES;
				CLANG_WARN_NON_LITERAL_NULL_CONVERSION = YES;
				CLANG_WARN_OBJC_IMPLICIT_RETAIN_SELF = YES;
				CLANG_WARN_OBJC_LITERAL_CONVERSION = YES;
				CLANG_WARN_OBJC_ROOT_CLASS = YES_ERROR;
				CLANG_WARN_QUOTED_INCLUDE_IN_FRAMEWORK_HEADER = YES;
				CLANG_WARN_RANGE_LOOP_ANALYSIS = YES;
				CLANG_WARN_STRICT_PROTOTYPES = YES;
				CLANG_WARN_SUSPICIOUS_MOVE = YES;
				CLANG_WARN_UNGUARDED_AVAILABILITY = YES_AGGRESSIVE;
				CLANG_WARN_UNREACHABLE_CODE = YES;
				CLANG_WARN__DUPLICATE_METHOD_MATCH = YES;
				COPY_PHASE_STRIP = NO;
				DEBUG_INFORMATION_FORMAT = dwarf;
				ENABLE_STRICT_OBJC_MSGSEND = YES;
				ENABLE_TESTABILITY = YES;
				ENABLE_USER_SCRIPT_SANDBOXING = YES;
				GCC_C_LANGUAGE_STANDARD = gnu17;
				GCC_DYNAMIC_NO_PIC = NO;
				GCC_NO_COMMON_BLOCKS = YES;
				GCC_OPTIMIZATION_LEVEL = 0;
				GCC_PREPROCESSOR_DEFINITIONS = (
					"DEBUG=1",
					"$(inherited)",
				);
				GCC_WARN_64_TO_32_BIT_CONVERSION = YES;
				GCC_WARN_ABOUT_RETURN_TYPE = YES_ERROR;
				GCC_WARN_UNDECLARED_SELECTOR = YES;
				GCC_WARN_UNINITIALIZED_AUTOS = YES_AGGRESSIVE;
				GCC_WARN_UNUSED_FUNCTION = YES;
				GCC_WARN_UNUSED_VARIABLE = YES;
				IPHONEOS_DEPLOYMENT_TARGET = 18.1;
				LOCALIZATION_PREFERS_STRING_CATALOGS = YES;
				MTL_ENABLE_DEBUG_INFO = INCLUDE_SOURCE;
				MTL_FAST_MATH = YES;
				ONLY_ACTIVE_ARCH = YES;
				SDKROOT = iphoneos;
				SWIFT_ACTIVE_COMPILATION_CONDITIONS = "DEBUG $(inherited)";
				SWIFT_OPTIMIZATION_LEVEL = "-Onone";
			};
			name = Debug;
		};
		8C6221C02D220D30005FD4D5 /* Release */ = {
			isa = XCBuildConfiguration;
			buildSettings = {
				ALWAYS_SEARCH_USER_PATHS = NO;
				ASSETCATALOG_COMPILER_GENERATE_SWIFT_ASSET_SYMBOL_EXTENSIONS = YES;
				CLANG_ANALYZER_NONNULL = YES;
				CLANG_ANALYZER_NUMBER_OBJECT_CONVERSION = YES_AGGRESSIVE;
				CLANG_CXX_LANGUAGE_STANDARD = "gnu++20";
				CLANG_ENABLE_MODULES = YES;
				CLANG_ENABLE_OBJC_ARC = YES;
				CLANG_ENABLE_OBJC_WEAK = YES;
				CLANG_WARN_BLOCK_CAPTURE_AUTORELEASING = YES;
				CLANG_WARN_BOOL_CONVERSION = YES;
				CLANG_WARN_COMMA = YES;
				CLANG_WARN_CONSTANT_CONVERSION = YES;
				CLANG_WARN_DEPRECATED_OBJC_IMPLEMENTATIONS = YES;
				CLANG_WARN_DIRECT_OBJC_ISA_USAGE = YES_ERROR;
				CLANG_WARN_DOCUMENTATION_COMMENTS = YES;
				CLANG_WARN_EMPTY_BODY = YES;
				CLANG_WARN_ENUM_CONVERSION = YES;
				CLANG_WARN_INFINITE_RECURSION = YES;
				CLANG_WARN_INT_CONVERSION = YES;
				CLANG_WARN_NON_LITERAL_NULL_CONVERSION = YES;
				CLANG_WARN_OBJC_IMPLICIT_RETAIN_SELF = YES;
				CLANG_WARN_OBJC_LITERAL_CONVERSION = YES;
				CLANG_WARN_OBJC_ROOT_CLASS = YES_ERROR;
				CLANG_WARN_QUOTED_INCLUDE_IN_FRAMEWORK_HEADER = YES;
				CLANG_WARN_RANGE_LOOP_ANALYSIS = YES;
				CLANG_WARN_STRICT_PROTOTYPES = YES;
				CLANG_WARN_SUSPICIOUS_MOVE = YES;
				CLANG_WARN_UNGUARDED_AVAILABILITY = YES_AGGRESSIVE;
				CLANG_WARN_UNREACHABLE_CODE = YES;
				CLANG_WARN__DUPLICATE_METHOD_MATCH = YES;
				COPY_PHASE_STRIP = NO;
				DEBUG_INFORMATION_FORMAT = "dwarf-with-dsym";
				ENABLE_NS_ASSERTIONS = NO;
				ENABLE_STRICT_OBJC_MSGSEND = YES;
				ENABLE_USER_SCRIPT_SANDBOXING = YES;
				GCC_C_LANGUAGE_STANDARD = gnu17;
				GCC_NO_COMMON_BLOCKS = YES;
				GCC_WARN_64_TO_32_BIT_CONVERSION = YES;
				GCC_WARN_ABOUT_RETURN_TYPE = YES_ERROR;
				GCC_WARN_UNDECLARED_SELECTOR = YES;
				GCC_WARN_UNINITIALIZED_AUTOS = YES_AGGRESSIVE;
				GCC_WARN_UNUSED_FUNCTION = YES;
				GCC_WARN_UNUSED_VARIABLE = YES;
				IPHONEOS_DEPLOYMENT_TARGET = 18.1;
				LOCALIZATION_PREFERS_STRING_CATALOGS = YES;
				MTL_ENABLE_DEBUG_INFO = NO;
				MTL_FAST_MATH = YES;
				SDKROOT = iphoneos;
				SWIFT_COMPILATION_MODE = wholemodule;
				VALIDATE_PRODUCT = YES;
			};
			name = Release;
		};
		8C6221C22D220D30005FD4D5 /* Debug */ = {
			isa = XCBuildConfiguration;
			buildSettings = {
				ASSETCATALOG_COMPILER_APPICON_NAME = AppIcon;
				ASSETCATALOG_COMPILER_GLOBAL_ACCENT_COLOR_NAME = AccentColor;
				CODE_SIGN_STYLE = Automatic;
				CURRENT_PROJECT_VERSION = 1;
				DEVELOPMENT_ASSET_PATHS = "\"CatsDogs/Preview Content\"";
				DEVELOPMENT_TEAM = R7UFNAWC4M;
				ENABLE_PREVIEWS = YES;
				GENERATE_INFOPLIST_FILE = YES;
				INFOPLIST_KEY_UIApplicationSceneManifest_Generation = YES;
				INFOPLIST_KEY_UIApplicationSupportsIndirectInputEvents = YES;
				INFOPLIST_KEY_UILaunchScreen_Generation = YES;
				INFOPLIST_KEY_UISupportedInterfaceOrientations_iPad = "UIInterfaceOrientationPortrait UIInterfaceOrientationPortraitUpsideDown UIInterfaceOrientationLandscapeLeft UIInterfaceOrientationLandscapeRight";
				INFOPLIST_KEY_UISupportedInterfaceOrientations_iPhone = "UIInterfaceOrientationPortrait UIInterfaceOrientationLandscapeLeft UIInterfaceOrientationLandscapeRight";
				LD_RUNPATH_SEARCH_PATHS = (
					"$(inherited)",
					"@executable_path/Frameworks",
				);
				MARKETING_VERSION = 1.0;
				PRODUCT_BUNDLE_IDENTIFIER = com.bohdanarsenkin.CatsDogs;
				PRODUCT_NAME = "$(TARGET_NAME)";
				SWIFT_EMIT_LOC_STRINGS = YES;
				SWIFT_VERSION = 5.0;
				TARGETED_DEVICE_FAMILY = "1,2";
			};
			name = Debug;
		};
		8C6221C32D220D30005FD4D5 /* Release */ = {
			isa = XCBuildConfiguration;
			buildSettings = {
				ASSETCATALOG_COMPILER_APPICON_NAME = AppIcon;
				ASSETCATALOG_COMPILER_GLOBAL_ACCENT_COLOR_NAME = AccentColor;
				CODE_SIGN_STYLE = Automatic;
				CURRENT_PROJECT_VERSION = 1;
				DEVELOPMENT_ASSET_PATHS = "\"CatsDogs/Preview Content\"";
				DEVELOPMENT_TEAM = R7UFNAWC4M;
				ENABLE_PREVIEWS = YES;
				GENERATE_INFOPLIST_FILE = YES;
				INFOPLIST_KEY_UIApplicationSceneManifest_Generation = YES;
				INFOPLIST_KEY_UIApplicationSupportsIndirectInputEvents = YES;
				INFOPLIST_KEY_UILaunchScreen_Generation = YES;
				INFOPLIST_KEY_UISupportedInterfaceOrientations_iPad = "UIInterfaceOrientationPortrait UIInterfaceOrientationPortraitUpsideDown UIInterfaceOrientationLandscapeLeft UIInterfaceOrientationLandscapeRight";
				INFOPLIST_KEY_UISupportedInterfaceOrientations_iPhone = "UIInterfaceOrientationPortrait UIInterfaceOrientationLandscapeLeft UIInterfaceOrientationLandscapeRight";
				LD_RUNPATH_SEARCH_PATHS = (
					"$(inherited)",
					"@executable_path/Frameworks",
				);
				MARKETING_VERSION = 1.0;
				PRODUCT_BUNDLE_IDENTIFIER = com.bohdanarsenkin.CatsDogs;
				PRODUCT_NAME = "$(TARGET_NAME)";
				SWIFT_EMIT_LOC_STRINGS = YES;
				SWIFT_VERSION = 5.0;
				TARGETED_DEVICE_FAMILY = "1,2";
			};
			name = Release;
		};
		8C6221C52D220D30005FD4D5 /* Debug */ = {
			isa = XCBuildConfiguration;
			buildSettings = {
				BUNDLE_LOADER = "$(TEST_HOST)";
				CODE_SIGN_STYLE = Automatic;
				CURRENT_PROJECT_VERSION = 1;
				DEVELOPMENT_TEAM = R7UFNAWC4M;
				GENERATE_INFOPLIST_FILE = YES;
				IPHONEOS_DEPLOYMENT_TARGET = 18.1;
				MARKETING_VERSION = 1.0;
				PRODUCT_BUNDLE_IDENTIFIER = com.bohdanarsenkin.CatsDogsTests;
				PRODUCT_NAME = "$(TARGET_NAME)";
				SWIFT_EMIT_LOC_STRINGS = NO;
				SWIFT_VERSION = 5.0;
				TARGETED_DEVICE_FAMILY = "1,2";
				TEST_HOST = "$(BUILT_PRODUCTS_DIR)/CatsDogs.app/$(BUNDLE_EXECUTABLE_FOLDER_PATH)/CatsDogs";
			};
			name = Debug;
		};
		8C6221C62D220D30005FD4D5 /* Release */ = {
			isa = XCBuildConfiguration;
			buildSettings = {
				BUNDLE_LOADER = "$(TEST_HOST)";
				CODE_SIGN_STYLE = Automatic;
				CURRENT_PROJECT_VERSION = 1;
				DEVELOPMENT_TEAM = R7UFNAWC4M;
				GENERATE_INFOPLIST_FILE = YES;
				IPHONEOS_DEPLOYMENT_TARGET = 18.1;
				MARKETING_VERSION = 1.0;
				PRODUCT_BUNDLE_IDENTIFIER = com.bohdanarsenkin.CatsDogsTests;
				PRODUCT_NAME = "$(TARGET_NAME)";
				SWIFT_EMIT_LOC_STRINGS = NO;
				SWIFT_VERSION = 5.0;
				TARGETED_DEVICE_FAMILY = "1,2";
				TEST_HOST = "$(BUILT_PRODUCTS_DIR)/CatsDogs.app/$(BUNDLE_EXECUTABLE_FOLDER_PATH)/CatsDogs";
			};
			name = Release;
		};
		8C6221C82D220D30005FD4D5 /* Debug */ = {
			isa = XCBuildConfiguration;
			buildSettings = {
				CODE_SIGN_STYLE = Automatic;
				CURRENT_PROJECT_VERSION = 1;
				DEVELOPMENT_TEAM = R7UFNAWC4M;
				GENERATE_INFOPLIST_FILE = YES;
				MARKETING_VERSION = 1.0;
				PRODUCT_BUNDLE_IDENTIFIER = com.bohdanarsenkin.CatsDogsUITests;
				PRODUCT_NAME = "$(TARGET_NAME)";
				SWIFT_EMIT_LOC_STRINGS = NO;
				SWIFT_VERSION = 5.0;
				TARGETED_DEVICE_FAMILY = "1,2";
				TEST_TARGET_NAME = CatsDogs;
			};
			name = Debug;
		};
		8C6221C92D220D30005FD4D5 /* Release */ = {
			isa = XCBuildConfiguration;
			buildSettings = {
				CODE_SIGN_STYLE = Automatic;
				CURRENT_PROJECT_VERSION = 1;
				DEVELOPMENT_TEAM = R7UFNAWC4M;
				GENERATE_INFOPLIST_FILE = YES;
				MARKETING_VERSION = 1.0;
				PRODUCT_BUNDLE_IDENTIFIER = com.bohdanarsenkin.CatsDogsUITests;
				PRODUCT_NAME = "$(TARGET_NAME)";
				SWIFT_EMIT_LOC_STRINGS = NO;
				SWIFT_VERSION = 5.0;
				TARGETED_DEVICE_FAMILY = "1,2";
				TEST_TARGET_NAME = CatsDogs;
			};
			name = Release;
		};
/* End XCBuildConfiguration section */

/* Begin XCConfigurationList section */
		8C6221982D220D2C005FD4D5 /* Build configuration list for PBXProject "CatsDogs" */ = {
			isa = XCConfigurationList;
			buildConfigurations = (
				8C6221BF2D220D30005FD4D5 /* Debug */,
				8C6221C02D220D30005FD4D5 /* Release */,
			);
			defaultConfigurationIsVisible = 0;
			defaultConfigurationName = Release;
		};
		8C6221C12D220D30005FD4D5 /* Build configuration list for PBXNativeTarget "CatsDogs" */ = {
			isa = XCConfigurationList;
			buildConfigurations = (
				8C6221C22D220D30005FD4D5 /* Debug */,
				8C6221C32D220D30005FD4D5 /* Release */,
			);
			defaultConfigurationIsVisible = 0;
			defaultConfigurationName = Release;
		};
		8C6221C42D220D30005FD4D5 /* Build configuration list for PBXNativeTarget "CatsDogsTests" */ = {
			isa = XCConfigurationList;
			buildConfigurations = (
				8C6221C52D220D30005FD4D5 /* Debug */,
				8C6221C62D220D30005FD4D5 /* Release */,
			);
			defaultConfigurationIsVisible = 0;
			defaultConfigurationName = Release;
		};
		8C6221C72D220D30005FD4D5 /* Build configuration list for PBXNativeTarget "CatsDogsUITests" */ = {
			isa = XCConfigurationList;
			buildConfigurations = (
				8C6221C82D220D30005FD4D5 /* Debug */,
				8C6221C92D220D30005FD4D5 /* Release */,
			);
			defaultConfigurationIsVisible = 0;
			defaultConfigurationName = Release;
		};
/* End XCConfigurationList section */
	};
	rootObject = 8C6221952D220D2C005FD4D5 /* Project object */;
}
